
Microsoft Visual Studio Solution File, Format Version 12.00
# Visual Studio Version 17
VisualStudioVersion = 17.3.32811.315
MinimumVisualStudioVersion = 10.0.40219.1
Project("{F184B08F-C81C-45F6-A57F-5ABD9991F28F}") = "DinerMenu", "DinerMenu\DinerMenu.vbproj", "{F008E2ED-57F4-40FC-BBA2-E59A6E0804B1}"
EndProject
Global
	GlobalSection(SolutionConfigurationPlatforms) = preSolution
		Debug|Any CPU = Debug|Any CPU
		Release|Any CPU = Release|Any CPU
	EndGlobalSection
	GlobalSection(ProjectConfigurationPlatforms) = postSolution
		{F008E2ED-57F4-40FC-BBA2-E59A6E0804B1}.Debug|Any CPU.ActiveCfg = Debug|Any CPU
		{F008E2ED-57F4-40FC-BBA2-E59A6E0804B1}.Debug|Any CPU.Build.0 = Debug|Any CPU
		{F008E2ED-57F4-40FC-BBA2-E59A6E0804B1}.Release|Any CPU.ActiveCfg = Release|Any CPU
		{F008E2ED-57F4-40FC-BBA2-E59A6E0804B1}.Release|Any CPU.Build.0 = Release|Any CPU
	EndGlobalSection
	GlobalSection(SolutionProperties) = preSolution
		HideSolutionNode = FALSE
	EndGlobalSection
	GlobalSection(ExtensibilityGlobals) = postSolution
		SolutionGuid = {BC946610-4442-4F75-B03B-7C7AAD209720}
	EndGlobalSection
EndGlobal
